
Microsoft Visual Studio Solution File, Format Version 12.00
# Visual Studio Version 16
VisualStudioVersion = 16.0.31205.134
MinimumVisualStudioVersion = 10.0.40219.1
Project("{FAE04EC0-301F-11D3-BF4B-00C04F79EFBC}") = "ObserverPattern", "ObserverPattern\ObserverPattern.csproj", "{5E74E285-AF97-4138-B526-830D42CB3896}"
EndProject
Project("{FAE04EC0-301F-11D3-BF4B-00C04F79EFBC}") = "ObserverPatternExample", "ObserverPatternExample\ObserverPatternExample.csproj", "{C462DB0E-7753-4E89-836F-FEEC8E069B28}"
EndProject
Global
	GlobalSection(SolutionConfigurationPlatforms) = preSolution
		Debug|Any CPU = Debug|Any CPU
		Release|Any CPU = Release|Any CPU
	EndGlobalSection
	GlobalSection(ProjectConfigurationPlatforms) = postSolution
		{5E74E285-AF97-4138-B526-830D42CB3896}.Debug|Any CPU.ActiveCfg = Debug|Any CPU
		{5E74E285-AF97-4138-B526-830D42CB3896}.Debug|Any CPU.Build.0 = Debug|Any CPU
		{5E74E285-AF97-4138-B526-830D42CB3896}.Release|Any CPU.ActiveCfg = Release|Any CPU
		{5E74E285-AF97-4138-B526-830D42CB3896}.Release|Any CPU.Build.0 = Release|Any CPU
		{C462DB0E-7753-4E89-836F-FEEC8E069B28}.Debug|Any CPU.ActiveCfg = Debug|Any CPU
		{C462DB0E-7753-4E89-836F-FEEC8E069B28}.Debug|Any CPU.Build.0 = Debug|Any CPU
		{C462DB0E-7753-4E89-836F-FEEC8E069B28}.Release|Any CPU.ActiveCfg = Release|Any CPU
		{C462DB0E-7753-4E89-836F-FEEC8E069B28}.Release|Any CPU.Build.0 = Release|Any CPU
	EndGlobalSection
	GlobalSection(SolutionProperties) = preSolution
		HideSolutionNode = FALSE
	EndGlobalSection
	GlobalSection(ExtensibilityGlobals) = postSolution
		SolutionGuid = {B7122891-1FFF-4BC8-BAA1-457346C973D1}
	EndGlobalSection
EndGlobal
