
Microsoft Visual Studio Solution File, Format Version 12.00
# Visual Studio Version 16
VisualStudioVersion = 16.0.32002.261
MinimumVisualStudioVersion = 10.0.40219.1
Project("{FAE04EC0-301F-11D3-BF4B-00C04F79EFBC}") = "DinerMergeCoffee", "DInerMergeCoffee\DinerMergeCoffee.csproj", "{0844FB7B-6D2A-4083-91B3-7992904F6E01}"
EndProject
Global
	GlobalSection(SolutionConfigurationPlatforms) = preSolution
		Debug|Any CPU = Debug|Any CPU
		Release|Any CPU = Release|Any CPU
	EndGlobalSection
	GlobalSection(ProjectConfigurationPlatforms) = postSolution
		{0844FB7B-6D2A-4083-91B3-7992904F6E01}.Debug|Any CPU.ActiveCfg = Debug|Any CPU
		{0844FB7B-6D2A-4083-91B3-7992904F6E01}.Debug|Any CPU.Build.0 = Debug|Any CPU
		{0844FB7B-6D2A-4083-91B3-7992904F6E01}.Release|Any CPU.ActiveCfg = Release|Any CPU
		{0844FB7B-6D2A-4083-91B3-7992904F6E01}.Release|Any CPU.Build.0 = Release|Any CPU
	EndGlobalSection
	GlobalSection(SolutionProperties) = preSolution
		HideSolutionNode = FALSE
	EndGlobalSection
	GlobalSection(ExtensibilityGlobals) = postSolution
		SolutionGuid = {D7DF6A61-A059-48E3-A4C8-9D066DC2273D}
	EndGlobalSection
EndGlobal
