
Microsoft Visual Studio Solution File, Format Version 12.00
# Visual Studio Version 16
VisualStudioVersion = 16.0.32002.261
MinimumVisualStudioVersion = 10.0.40219.1
Project("{FAE04EC0-301F-11D3-BF4B-00C04F79EFBC}") = "DuckSort", "DuckSort\DuckSort.csproj", "{70FDE2BF-4A47-42A5-9487-0B65FF4DBC67}"
EndProject
Global
	GlobalSection(SolutionConfigurationPlatforms) = preSolution
		Debug|Any CPU = Debug|Any CPU
		Release|Any CPU = Release|Any CPU
	EndGlobalSection
	GlobalSection(ProjectConfigurationPlatforms) = postSolution
		{70FDE2BF-4A47-42A5-9487-0B65FF4DBC67}.Debug|Any CPU.ActiveCfg = Debug|Any CPU
		{70FDE2BF-4A47-42A5-9487-0B65FF4DBC67}.Debug|Any CPU.Build.0 = Debug|Any CPU
		{70FDE2BF-4A47-42A5-9487-0B65FF4DBC67}.Release|Any CPU.ActiveCfg = Release|Any CPU
		{70FDE2BF-4A47-42A5-9487-0B65FF4DBC67}.Release|Any CPU.Build.0 = Release|Any CPU
	EndGlobalSection
	GlobalSection(SolutionProperties) = preSolution
		HideSolutionNode = FALSE
	EndGlobalSection
	GlobalSection(ExtensibilityGlobals) = postSolution
		SolutionGuid = {14A904D4-9EA3-4276-B168-3DB9C2BE15D8}
	EndGlobalSection
EndGlobal
