
Microsoft Visual Studio Solution File, Format Version 12.00
# Visual Studio Version 16
VisualStudioVersion = 16.0.32002.261
MinimumVisualStudioVersion = 10.0.40219.1
Project("{FAE04EC0-301F-11D3-BF4B-00C04F79EFBC}") = "DinerMerge", "DinerMerge\DinerMerge.csproj", "{B4E3C6D9-0904-4666-9916-2B91C709876C}"
EndProject
Global
	GlobalSection(SolutionConfigurationPlatforms) = preSolution
		Debug|Any CPU = Debug|Any CPU
		Release|Any CPU = Release|Any CPU
	EndGlobalSection
	GlobalSection(ProjectConfigurationPlatforms) = postSolution
		{B4E3C6D9-0904-4666-9916-2B91C709876C}.Debug|Any CPU.ActiveCfg = Debug|Any CPU
		{B4E3C6D9-0904-4666-9916-2B91C709876C}.Debug|Any CPU.Build.0 = Debug|Any CPU
		{B4E3C6D9-0904-4666-9916-2B91C709876C}.Release|Any CPU.ActiveCfg = Release|Any CPU
		{B4E3C6D9-0904-4666-9916-2B91C709876C}.Release|Any CPU.Build.0 = Release|Any CPU
	EndGlobalSection
	GlobalSection(SolutionProperties) = preSolution
		HideSolutionNode = FALSE
	EndGlobalSection
	GlobalSection(ExtensibilityGlobals) = postSolution
		SolutionGuid = {76C2AC81-3D92-4C04-AE02-9C2EA8E31390}
	EndGlobalSection
EndGlobal
