
Microsoft Visual Studio Solution File, Format Version 12.00
# Visual Studio Version 16
VisualStudioVersion = 16.0.32002.261
MinimumVisualStudioVersion = 10.0.40219.1
Project("{FAE04EC0-301F-11D3-BF4B-00C04F79EFBC}") = "Adapter Pattern", "Adapter Pattern\Adapter Pattern.csproj", "{A51CC22B-93D5-49B1-A527-AECEE41E5502}"
EndProject
Global
	GlobalSection(SolutionConfigurationPlatforms) = preSolution
		Debug|Any CPU = Debug|Any CPU
		Release|Any CPU = Release|Any CPU
	EndGlobalSection
	GlobalSection(ProjectConfigurationPlatforms) = postSolution
		{A51CC22B-93D5-49B1-A527-AECEE41E5502}.Debug|Any CPU.ActiveCfg = Debug|Any CPU
		{A51CC22B-93D5-49B1-A527-AECEE41E5502}.Debug|Any CPU.Build.0 = Debug|Any CPU
		{A51CC22B-93D5-49B1-A527-AECEE41E5502}.Release|Any CPU.ActiveCfg = Release|Any CPU
		{A51CC22B-93D5-49B1-A527-AECEE41E5502}.Release|Any CPU.Build.0 = Release|Any CPU
	EndGlobalSection
	GlobalSection(SolutionProperties) = preSolution
		HideSolutionNode = FALSE
	EndGlobalSection
	GlobalSection(ExtensibilityGlobals) = postSolution
		SolutionGuid = {1E8516A8-C91C-4695-9300-0BCB4A5C8EEE}
	EndGlobalSection
EndGlobal
