
Microsoft Visual Studio Solution File, Format Version 12.00
# Visual Studio Version 16
VisualStudioVersion = 16.0.32002.261
MinimumVisualStudioVersion = 10.0.40219.1
Project("{FAE04EC0-301F-11D3-BF4B-00C04F79EFBC}") = "State Machines 101", "State Machines 101\State Machines 101.csproj", "{C2DB893A-6166-4750-BAA6-58AB4AA9E59F}"
EndProject
Project("{FAE04EC0-301F-11D3-BF4B-00C04F79EFBC}") = "State Machines 102", "State Machines 102\State Machines 102.csproj", "{3EADDED2-6059-4FAD-BF32-CADAE75836D5}"
EndProject
Global
	GlobalSection(SolutionConfigurationPlatforms) = preSolution
		Debug|Any CPU = Debug|Any CPU
		Release|Any CPU = Release|Any CPU
	EndGlobalSection
	GlobalSection(ProjectConfigurationPlatforms) = postSolution
		{C2DB893A-6166-4750-BAA6-58AB4AA9E59F}.Debug|Any CPU.ActiveCfg = Debug|Any CPU
		{C2DB893A-6166-4750-BAA6-58AB4AA9E59F}.Debug|Any CPU.Build.0 = Debug|Any CPU
		{C2DB893A-6166-4750-BAA6-58AB4AA9E59F}.Release|Any CPU.ActiveCfg = Release|Any CPU
		{C2DB893A-6166-4750-BAA6-58AB4AA9E59F}.Release|Any CPU.Build.0 = Release|Any CPU
		{3EADDED2-6059-4FAD-BF32-CADAE75836D5}.Debug|Any CPU.ActiveCfg = Debug|Any CPU
		{3EADDED2-6059-4FAD-BF32-CADAE75836D5}.Debug|Any CPU.Build.0 = Debug|Any CPU
		{3EADDED2-6059-4FAD-BF32-CADAE75836D5}.Release|Any CPU.ActiveCfg = Release|Any CPU
		{3EADDED2-6059-4FAD-BF32-CADAE75836D5}.Release|Any CPU.Build.0 = Release|Any CPU
	EndGlobalSection
	GlobalSection(SolutionProperties) = preSolution
		HideSolutionNode = FALSE
	EndGlobalSection
	GlobalSection(ExtensibilityGlobals) = postSolution
		SolutionGuid = {24744D47-2A74-46DF-BA2B-167BC8AFA032}
	EndGlobalSection
EndGlobal
