
Microsoft Visual Studio Solution File, Format Version 12.00
# Visual Studio Version 16
VisualStudioVersion = 16.0.32002.261
MinimumVisualStudioVersion = 10.0.40219.1
Project("{9A19103F-16F7-4668-BE54-9A1E7A4F7556}") = "Factory Pattern", "Factory Pattern\Factory Pattern.csproj", "{C49C811A-EE52-4CE5-AB43-12F7C014F504}"
EndProject
Project("{FAE04EC0-301F-11D3-BF4B-00C04F79EFBC}") = "Abstract Factory Pattern", "Abstract Factory Pattern\Abstract Factory Pattern.csproj", "{5D1F645C-D6CD-4319-A248-7FA0EDFD0714}"
EndProject
Global
	GlobalSection(SolutionConfigurationPlatforms) = preSolution
		Debug|Any CPU = Debug|Any CPU
		Release|Any CPU = Release|Any CPU
	EndGlobalSection
	GlobalSection(ProjectConfigurationPlatforms) = postSolution
		{C49C811A-EE52-4CE5-AB43-12F7C014F504}.Debug|Any CPU.ActiveCfg = Debug|Any CPU
		{C49C811A-EE52-4CE5-AB43-12F7C014F504}.Debug|Any CPU.Build.0 = Debug|Any CPU
		{C49C811A-EE52-4CE5-AB43-12F7C014F504}.Release|Any CPU.ActiveCfg = Release|Any CPU
		{C49C811A-EE52-4CE5-AB43-12F7C014F504}.Release|Any CPU.Build.0 = Release|Any CPU
		{5D1F645C-D6CD-4319-A248-7FA0EDFD0714}.Debug|Any CPU.ActiveCfg = Debug|Any CPU
		{5D1F645C-D6CD-4319-A248-7FA0EDFD0714}.Debug|Any CPU.Build.0 = Debug|Any CPU
		{5D1F645C-D6CD-4319-A248-7FA0EDFD0714}.Release|Any CPU.ActiveCfg = Release|Any CPU
		{5D1F645C-D6CD-4319-A248-7FA0EDFD0714}.Release|Any CPU.Build.0 = Release|Any CPU
	EndGlobalSection
	GlobalSection(SolutionProperties) = preSolution
		HideSolutionNode = FALSE
	EndGlobalSection
	GlobalSection(ExtensibilityGlobals) = postSolution
		SolutionGuid = {180DCA5C-6E15-410B-820C-2DF0E290D673}
	EndGlobalSection
EndGlobal
